// !$*UTF8*$!
{
	archiveVersion = 1;
	classes = {
	};
	objectVersion = 46;
	objects = {

/* Begin PBXBuildFile section */
		E6ABAAF61CE55CD90014C46D /* AppDelegate.swift in Sources */ = {isa = PBXBuildFile; fileRef = E6ABAAF51CE55CD90014C46D /* AppDelegate.swift */; };
		E6ABAAF81CE55CD90014C46D /* FirstViewController.swift in Sources */ = {isa = PBXBuildFile; fileRef = E6ABAAF71CE55CD90014C46D /* FirstViewController.swift */; };
		E6ABAAFA1CE55CD90014C46D /* SecondViewController.swift in Sources */ = {isa = PBXBuildFile; fileRef = E6ABAAF91CE55CD90014C46D /* SecondViewController.swift */; };
		E6ABAAFD1CE55CD90014C46D /* Main.storyboard in Resources */ = {isa = PBXBuildFile; fileRef = E6ABAAFB1CE55CD90014C46D /* Main.storyboard */; };
		E6ABAAFF1CE55CD90014C46D /* Assets.xcassets in Resources */ = {isa = PBXBuildFile; fileRef = E6ABAAFE1CE55CD90014C46D /* Assets.xcassets */; };
		E6ABAB021CE55CD90014C46D /* LaunchScreen.storyboard in Resources */ = {isa = PBXBuildFile; fileRef = E6ABAB001CE55CD90014C46D /* LaunchScreen.storyboard */; };
/* End PBXBuildFile section */

/* Begin PBXFileReference section */
		E6ABAAF21CE55CD90014C46D /* MultiTabApplication.app */ = {isa = PBXFileReference; explicitFileType = wrapper.application; includeInIndex = 0; path = MultiTabApplication.app; sourceTree = BUILT_PRODUCTS_DIR; };
		E6ABAAF51CE55CD90014C46D /* AppDelegate.swift */ = {isa = PBXFileReference; lastKnownFileType = sourcecode.swift; path = AppDelegate.swift; sourceTree = "<group>"; };
		E6ABAAF71CE55CD90014C46D /* FirstViewController.swift */ = {isa = PBXFileReference; lastKnownFileType = sourcecode.swift; path = FirstViewController.swift; sourceTree = "<group>"; };
		E6ABAAF91CE55CD90014C46D /* SecondViewController.swift */ = {isa = PBXFileReference; lastKnownFileType = sourcecode.swift; path = SecondViewController.swift; sourceTree = "<group>"; };
		E6ABAAFC1CE55CD90014C46D /* Base */ = {isa = PBXFileReference; lastKnownFileType = file.storyboard; name = Base; path = Base.lproj/Main.storyboard; sourceTree = "<group>"; };
		E6ABAAFE1CE55CD90014C46D /* Assets.xcassets */ = {isa = PBXFileReference; lastKnownFileType = folder.assetcatalog; path = Assets.xcassets; sourceTree = "<group>"; };
		E6ABAB011CE55CD90014C46D /* Base */ = {isa = PBXFileReference; lastKnownFileType = file.storyboard; name = Base; path = Base.lproj/LaunchScreen.storyboard; sourceTree = "<group>"; };
		E6ABAB031CE55CD90014C46D /* Info.plist */ = {isa = PBXFileReference; lastKnownFileType = text.plist.xml; path = Info.plist; sourceTree = "<group>"; };
/* End PBXFileReference section */

/* Begin PBXFrameworksBuildPhase section */
		E6ABAAEF1CE55CD90014C46D /* Frameworks */ = {
			isa = PBXFrameworksBuildPhase;
			buildActionMask = 2147483647;
			files = (
			);
			runOnlyForDeploymentPostprocessing = 0;
		};
/* End PBXFrameworksBuildPhase section */

/* Begin PBXGroup section */
		E6ABAAE91CE55CD90014C46D = {
			isa = PBXGroup;
			children = (
				E6ABAAF41CE55CD90014C46D /* MultiTabApplication */,
				E6ABAAF31CE55CD90014C46D /* Products */,
			);
			sourceTree = "<group>";
		};
		E6ABAAF31CE55CD90014C46D /* Products */ = {
			isa = PBXGroup;
			children = (
				E6ABAAF21CE55CD90014C46D /* MultiTabApplication.app */,
			);
			name = Products;
			sourceTree = "<group>";
		};
		E6ABAAF41CE55CD90014C46D /* MultiTabApplication */ = {
			isa = PBXGroup;
			children = (
				E6ABAAF51CE55CD90014C46D /* AppDelegate.swift */,
				E6ABAAF71CE55CD90014C46D /* FirstViewController.swift */,
				E6ABAAF91CE55CD90014C46D /* SecondViewController.swift */,
				E6ABAAFB1CE55CD90014C46D /* Main.storyboard */,
				E6ABAAFE1CE55CD90014C46D /* Assets.xcassets */,
				E6ABAB001CE55CD90014C46D /* LaunchScreen.storyboard */,
				E6ABAB031CE55CD90014C46D /* Info.plist */,
			);
			path = MultiTabApplication;
			sourceTree = "<group>";
		};
/* End PBXGroup section */

/* Begin PBXNativeTarget section */
		E6ABAAF11CE55CD90014C46D /* MultiTabApplication */ = {
			isa = PBXNativeTarget;
			buildConfigurationList = E6ABAB061CE55CD90014C46D /* Build configuration list for PBXNativeTarget "MultiTabApplication" */;
			buildPhases = (
				E6ABAAEE1CE55CD90014C46D /* Sources */,
				E6ABAAEF1CE55CD90014C46D /* Frameworks */,
				E6ABAAF01CE55CD90014C46D /* Resources */,
			);
			buildRules = (
			);
			dependencies = (
			);
			name = MultiTabApplication;
			productName = MultiTabApplication;
			productReference = E6ABAAF21CE55CD90014C46D /* MultiTabApplication.app */;
			productType = "com.apple.product-type.application";
		};
/* End PBXNativeTarget section */

/* Begin PBXProject section */
		E6ABAAEA1CE55CD90014C46D /* Project object */ = {
			isa = PBXProject;
			attributes = {
				LastSwiftUpdateCheck = 0730;
				LastUpgradeCheck = 0730;
				ORGANIZATIONNAME = HuanGong;
				TargetAttributes = {
					E6ABAAF11CE55CD90014C46D = {
						CreatedOnToolsVersion = 7.3;
						DevelopmentTeam = 2FUS4FD5RD;
					};
				};
			};
			buildConfigurationList = E6ABAAED1CE55CD90014C46D /* Build configuration list for PBXProject "MultiTabApplication" */;
			compatibilityVersion = "Xcode 3.2";
			developmentRegion = English;
			hasScannedForEncodings = 0;
			knownRegions = (
				en,
				Base,
			);
			mainGroup = E6ABAAE91CE55CD90014C46D;
			productRefGroup = E6ABAAF31CE55CD90014C46D /* Products */;
			projectDirPath = "";
			projectRoot = "";
			targets = (
				E6ABAAF11CE55CD90014C46D /* MultiTabApplication */,
			);
		};
/* End PBXProject section */

/* Begin PBXResourcesBuildPhase section */
		E6ABAAF01CE55CD90014C46D /* Resources */ = {
			isa = PBXResourcesBuildPhase;
			buildActionMask = 2147483647;
			files = (
				E6ABAB021CE55CD90014C46D /* LaunchScreen.storyboard in Resources */,
				E6ABAAFF1CE55CD90014C46D /* Assets.xcassets in Resources */,
				E6ABAAFD1CE55CD90014C46D /* Main.storyboard in Resources */,
			);
			runOnlyForDeploymentPostprocessing = 0;
		};
/* End PBXResourcesBuildPhase section */

/* Begin PBXSourcesBuildPhase section */
		E6ABAAEE1CE55CD90014C46D /* Sources */ = {
			isa = PBXSourcesBuildPhase;
			buildActionMask = 2147483647;
			files = (
				E6ABAAFA1CE55CD90014C46D /* SecondViewController.swift in Sources */,
				E6ABAAF61CE55CD90014C46D /* AppDelegate.swift in Sources */,
				E6ABAAF81CE55CD90014C46D /* FirstViewController.swift in Sources */,
			);
			runOnlyForDeploymentPostprocessing = 0;
		};
/* End PBXSourcesBuildPhase section */

/* Begin PBXVariantGroup section */
		E6ABAAFB1CE55CD90014C46D /* Main.storyboard */ = {
			isa = PBXVariantGroup;
			children = (
				E6ABAAFC1CE55CD90014C46D /* Base */,
			);
			name = Main.storyboard;
			sourceTree = "<group>";
		};
		E6ABAB001CE55CD90014C46D /* LaunchScreen.storyboard */ = {
			isa = PBXVariantGroup;
			children = (
				E6ABAB011CE55CD90014C46D /* Base */,
			);
			name = LaunchScreen.storyboard;
			sourceTree = "<group>";
		};
/* End PBXVariantGroup section */

/* Begin XCBuildConfiguration section */
		E6ABAB041CE55CD90014C46D /* Debug */ = {
			isa = XCBuildConfiguration;
			buildSettings = {
				ALWAYS_SEARCH_USER_PATHS = NO;
				CLANG_ANALYZER_NONNULL = YES;
				CLANG_CXX_LANGUAGE_STANDARD = "gnu++0x";
				CLANG_CXX_LIBRARY = "libc++";
				CLANG_ENABLE_MODULES = YES;
				CLANG_ENABLE_OBJC_ARC = YES;
				CLANG_WARN_BOOL_CONVERSION = YES;
				CLANG_WARN_CONSTANT_CONVERSION = YES;
				CLANG_WARN_DIRECT_OBJC_ISA_USAGE = YES_ERROR;
				CLANG_WARN_EMPTY_BODY = YES;
				CLANG_WARN_ENUM_CONVERSION = YES;
				CLANG_WARN_INT_CONVERSION = YES;
				CLANG_WARN_OBJC_ROOT_CLASS = YES_ERROR;
				CLANG_WARN_UNREACHABLE_CODE = YES;
				CLANG_WARN__DUPLICATE_METHOD_MATCH = YES;
				"CODE_SIGN_IDENTITY[sdk=iphoneos*]" = "iPhone Developer";
				COPY_PHASE_STRIP = NO;
				DEBUG_INFORMATION_FORMAT = dwarf;
				ENABLE_STRICT_OBJC_MSGSEND = YES;
				ENABLE_TESTABILITY = YES;
				GCC_C_LANGUAGE_STANDARD = gnu99;
				GCC_DYNAMIC_NO_PIC = NO;
				GCC_NO_COMMON_BLOCKS = YES;
				GCC_OPTIMIZATION_LEVEL = 0;
				GCC_PREPROCESSOR_DEFINITIONS = (
					"DEBUG=1",
					"$(inherited)",
				);
				GCC_WARN_64_TO_32_BIT_CONVERSION = YES;
				GCC_WARN_ABOUT_RETURN_TYPE = YES_ERROR;
				GCC_WARN_UNDECLARED_SELECTOR = YES;
				GCC_WARN_UNINITIALIZED_AUTOS = YES_AGGRESSIVE;
				GCC_WARN_UNUSED_FUNCTION = YES;
				GCC_WARN_UNUSED_VARIABLE = YES;
				IPHONEOS_DEPLOYMENT_TARGET = 9.3;
				MTL_ENABLE_DEBUG_INFO = YES;
				ONLY_ACTIVE_ARCH = YES;
				SDKROOT = iphoneos;
				SWIFT_OPTIMIZATION_LEVEL = "-Onone";
			};
			name = Debug;
		};
		E6ABAB051CE55CD90014C46D /* Release */ = {
			isa = XCBuildConfiguration;
			buildSettings = {
				ALWAYS_SEARCH_USER_PATHS = NO;
				CLANG_ANALYZER_NONNULL = YES;
				CLANG_CXX_LANGUAGE_STANDARD = "gnu++0x";
				CLANG_CXX_LIBRARY = "libc++";
				CLANG_ENABLE_MODULES = YES;
				CLANG_ENABLE_OBJC_ARC = YES;
				CLANG_WARN_BOOL_CONVERSION = YES;
				CLANG_WARN_CONSTANT_CONVERSION = YES;
				CLANG_WARN_DIRECT_OBJC_ISA_USAGE = YES_ERROR;
				CLANG_WARN_EMPTY_BODY = YES;
				CLANG_WARN_ENUM_CONVERSION = YES;
				CLANG_WARN_INT_CONVERSION = YES;
				CLANG_WARN_OBJC_ROOT_CLASS = YES_ERROR;
				CLANG_WARN_UNREACHABLE_CODE = YES;
				CLANG_WARN__DUPLICATE_METHOD_MATCH = YES;
				"CODE_SIGN_IDENTITY[sdk=iphoneos*]" = "iPhone Developer";
				COPY_PHASE_STRIP = NO;
				DEBUG_INFORMATION_FORMAT = "dwarf-with-dsym";
				ENABLE_NS_ASSERTIONS = NO;
				ENABLE_STRICT_OBJC_MSGSEND = YES;
				GCC_C_LANGUAGE_STANDARD = gnu99;
				GCC_NO_COMMON_BLOCKS = YES;
				GCC_WARN_64_TO_32_BIT_CONVERSION = YES;
				GCC_WARN_ABOUT_RETURN_TYPE = YES_ERROR;
				GCC_WARN_UNDECLARED_SELECTOR = YES;
				GCC_WARN_UNINITIALIZED_AUTOS = YES_AGGRESSIVE;
				GCC_WARN_UNUSED_FUNCTION = YES;
				GCC_WARN_UNUSED_VARIABLE = YES;
				IPHONEOS_DEPLOYMENT_TARGET = 9.3;
				MTL_ENABLE_DEBUG_INFO = NO;
				SDKROOT = iphoneos;
				VALIDATE_PRODUCT = YES;
			};
			name = Release;
		};
		E6ABAB071CE55CD90014C46D /* Debug */ = {
			isa = XCBuildConfiguration;
			buildSettings = {
				ASSETCATALOG_COMPILER_APPICON_NAME = AppIcon;
				INFOPLIST_FILE = MultiTabApplication/Info.plist;
				LD_RUNPATH_SEARCH_PATHS = "$(inherited) @executable_path/Frameworks";
				PRODUCT_BUNDLE_IDENTIFIER = com.huangong.MultiTabApplication;
				PRODUCT_NAME = "$(TARGET_NAME)";
			};
			name = Debug;
		};
		E6ABAB081CE55CD90014C46D /* Release */ = {
			isa = XCBuildConfiguration;
			buildSettings = {
				ASSETCATALOG_COMPILER_APPICON_NAME = AppIcon;
				INFOPLIST_FILE = MultiTabApplication/Info.plist;
				LD_RUNPATH_SEARCH_PATHS = "$(inherited) @executable_path/Frameworks";
				PRODUCT_BUNDLE_IDENTIFIER = com.huangong.MultiTabApplication;
				PRODUCT_NAME = "$(TARGET_NAME)";
			};
			name = Release;
		};
/* End XCBuildConfiguration section */

/* Begin XCConfigurationList section */
		E6ABAAED1CE55CD90014C46D /* Build configuration list for PBXProject "MultiTabApplication" */ = {
			isa = XCConfigurationList;
			buildConfigurations = (
				E6ABAB041CE55CD90014C46D /* Debug */,
				E6ABAB051CE55CD90014C46D /* Release */,
			);
			defaultConfigurationIsVisible = 0;
			defaultConfigurationName = Release;
		};
		E6ABAB061CE55CD90014C46D /* Build configuration list for PBXNativeTarget "MultiTabApplication" */ = {
			isa = XCConfigurationList;
			buildConfigurations = (
				E6ABAB071CE55CD90014C46D /* Debug */,
				E6ABAB081CE55CD90014C46D /* Release */,
			);
			defaultConfigurationIsVisible = 0;
		};
/* End XCConfigurationList section */
	};
	rootObject = E6ABAAEA1CE55CD90014C46D /* Project object */;
}
